
Microsoft Visual Studio Solution File, Format Version 12.00
# Visual Studio 14
VisualStudioVersion = 14.0.23107.0
MinimumVisualStudioVersion = 10.0.40219.1
Project("{FAE04EC0-301F-11D3-BF4B-00C04F79EFBC}") = "DynamicConfig.ConfigTray", "DynamicConfig\DynamicConfig.ConfigTray.csproj", "{CDF2DD09-D5DA-463A-A993-26AFA41ABE0D}"
EndProject
Project("{FAE04EC0-301F-11D3-BF4B-00C04F79EFBC}") = "DynamicConfig.ServiceExample", "DynamicCOnfig.ServiceExample\DynamicConfig.ServiceExample.csproj", "{F1C6547C-DFDF-4B01-AFA4-0835DCCFD8EB}"
EndProject
Project("{FAE04EC0-301F-11D3-BF4B-00C04F79EFBC}") = "DynamicConfig.Test", "DynamicConfig.Test\DynamicConfig.Test.csproj", "{E17990A3-B1AB-4695-AA33-4E0FBD1F119D}"
EndProject
Global
	GlobalSection(SolutionConfigurationPlatforms) = preSolution
		Debug|x64 = Debug|x64
		Debug|x86 = Debug|x86
		Release|x64 = Release|x64
		Release|x86 = Release|x86
	EndGlobalSection
	GlobalSection(ProjectConfigurationPlatforms) = postSolution
		{CDF2DD09-D5DA-463A-A993-26AFA41ABE0D}.Debug|x64.ActiveCfg = Debug|x64
		{CDF2DD09-D5DA-463A-A993-26AFA41ABE0D}.Debug|x64.Build.0 = Debug|x64
		{CDF2DD09-D5DA-463A-A993-26AFA41ABE0D}.Debug|x86.ActiveCfg = Debug|x86
		{CDF2DD09-D5DA-463A-A993-26AFA41ABE0D}.Debug|x86.Build.0 = Debug|x86
		{CDF2DD09-D5DA-463A-A993-26AFA41ABE0D}.Release|x64.ActiveCfg = Release|x64
		{CDF2DD09-D5DA-463A-A993-26AFA41ABE0D}.Release|x64.Build.0 = Release|x64
		{CDF2DD09-D5DA-463A-A993-26AFA41ABE0D}.Release|x86.ActiveCfg = Release|x86
		{CDF2DD09-D5DA-463A-A993-26AFA41ABE0D}.Release|x86.Build.0 = Release|x86
		{F1C6547C-DFDF-4B01-AFA4-0835DCCFD8EB}.Debug|x64.ActiveCfg = Debug|x64
		{F1C6547C-DFDF-4B01-AFA4-0835DCCFD8EB}.Debug|x64.Build.0 = Debug|x64
		{F1C6547C-DFDF-4B01-AFA4-0835DCCFD8EB}.Debug|x86.ActiveCfg = Debug|x86
		{F1C6547C-DFDF-4B01-AFA4-0835DCCFD8EB}.Debug|x86.Build.0 = Debug|x86
		{F1C6547C-DFDF-4B01-AFA4-0835DCCFD8EB}.Release|x64.ActiveCfg = Release|x64
		{F1C6547C-DFDF-4B01-AFA4-0835DCCFD8EB}.Release|x64.Build.0 = Release|x64
		{F1C6547C-DFDF-4B01-AFA4-0835DCCFD8EB}.Release|x86.ActiveCfg = Release|x86
		{F1C6547C-DFDF-4B01-AFA4-0835DCCFD8EB}.Release|x86.Build.0 = Release|x86
		{E17990A3-B1AB-4695-AA33-4E0FBD1F119D}.Debug|x64.ActiveCfg = Debug|x64
		{E17990A3-B1AB-4695-AA33-4E0FBD1F119D}.Debug|x64.Build.0 = Debug|x64
		{E17990A3-B1AB-4695-AA33-4E0FBD1F119D}.Debug|x86.ActiveCfg = Debug|x86
		{E17990A3-B1AB-4695-AA33-4E0FBD1F119D}.Debug|x86.Build.0 = Debug|x86
		{E17990A3-B1AB-4695-AA33-4E0FBD1F119D}.Release|x64.ActiveCfg = Release|x64
		{E17990A3-B1AB-4695-AA33-4E0FBD1F119D}.Release|x64.Build.0 = Release|x64
		{E17990A3-B1AB-4695-AA33-4E0FBD1F119D}.Release|x86.ActiveCfg = Release|x86
		{E17990A3-B1AB-4695-AA33-4E0FBD1F119D}.Release|x86.Build.0 = Release|x86
	EndGlobalSection
	GlobalSection(SolutionProperties) = preSolution
		HideSolutionNode = FALSE
	EndGlobalSection
EndGlobal
